
Microsoft Visual Studio Solution File, Format Version 12.00
# Visual Studio 15
VisualStudioVersion = 15.0.28010.2026
MinimumVisualStudioVersion = 10.0.40219.1
Project("{FAE04EC0-301F-11D3-BF4B-00C04F79EFBC}") = "MvcMovie", "MvcMovie\MvcMovie.csproj", "{D1E6554B-1095-47F8-A186-F26D2E9A34D1}"
EndProject
Global
	GlobalSection(SolutionConfigurationPlatforms) = preSolution
		Debug|Any CPU = Debug|Any CPU
		Release|Any CPU = Release|Any CPU
	EndGlobalSection
	GlobalSection(ProjectConfigurationPlatforms) = postSolution
		{D1E6554B-1095-47F8-A186-F26D2E9A34D1}.Debug|Any CPU.ActiveCfg = Debug|Any CPU
		{D1E6554B-1095-47F8-A186-F26D2E9A34D1}.Debug|Any CPU.Build.0 = Debug|Any CPU
		{D1E6554B-1095-47F8-A186-F26D2E9A34D1}.Release|Any CPU.ActiveCfg = Release|Any CPU
		{D1E6554B-1095-47F8-A186-F26D2E9A34D1}.Release|Any CPU.Build.0 = Release|Any CPU
	EndGlobalSection
	GlobalSection(SolutionProperties) = preSolution
		HideSolutionNode = FALSE
	EndGlobalSection
	GlobalSection(ExtensibilityGlobals) = postSolution
		SolutionGuid = {434A7BBD-AE96-48D7-87F3-56AFA0F58DBC}
	EndGlobalSection
EndGlobal
